{
  "version": 4,
  "terraform_version": "1.9.5",
  "serial": 88,
  "lineage": "2c8bb9c9-301c-5410-4852-ab01dd105571",
  "outputs": {
    "autoscaling_group_name": {
      "value": "terraform-20240919113458637300000005",
      "type": "string"
    },
    "internet_gateway_id": {
      "value": "igw-08ab025929b459256",
      "type": "string"
    },
    "load_balancer_dns_name": {
      "value": "axa-wassim-lb-152837390.eu-west-3.elb.amazonaws.com",
      "type": "string"
    },
    "private_instance_id": {
      "value": "i-0c7cb109ac08772b4",
      "type": "string"
    },
    "private_security_group_id": {
      "value": "sg-0d66990c8533bf630",
      "type": "string"
    },
    "private_subnet_id": {
      "value": "subnet-05bb5ad9cf66de7c6",
      "type": "string"
    },
    "public_security_group_id": {
      "value": "sg-0bd5aea68438c148c",
      "type": "string"
    },
    "public_subnet_id": {
      "value": "subnet-0638f504c25184735",
      "type": "string"
    },
    "public_subnet_id_2": {
      "value": "subnet-0ab288f1597de4e42",
      "type": "string"
    },
    "vpc_id": {
      "value": "vpc-09d2d84683979fd7c",
      "type": "string"
    }
  },
  "resources": [
    {
      "mode": "managed",
      "type": "aws_autoscaling_group",
      "name": "axa_wassim_asg",
      "provider": "provider[\"registry.terraform.io/hashicorp/aws\"]",
      "instances": [
        {
          "schema_version": 1,
          "attributes": {
            "arn": "arn:aws:autoscaling:eu-west-3:289552921026:autoScalingGroup:d420f60c-9da1-4855-b68f-ccfeaa0d2af2:autoScalingGroupName/terraform-20240919113458637300000005",
            "availability_zones": [
              "eu-west-3a",
              "eu-west-3b"
            ],
            "capacity_rebalance": false,
            "context": "",
            "default_cooldown": 300,
            "default_instance_warmup": 0,
            "desired_capacity": 2,
            "desired_capacity_type": "",
            "enabled_metrics": [],
            "force_delete": false,
            "force_delete_warm_pool": false,
            "health_check_grace_period": 300,
            "health_check_type": "EC2",
            "id": "terraform-20240919113458637300000005",
            "ignore_failed_scaling_activities": false,
            "initial_lifecycle_hook": [],
            "instance_maintenance_policy": [],
            "instance_refresh": [],
            "launch_configuration": "",
            "launch_template": [
              {
                "id": "lt-0d60ca9e90a7a27f9",
                "name": "axa-wassim-lt20240919113450648500000003",
                "version": "$Latest"
              }
            ],
            "load_balancers": [],
            "max_instance_lifetime": 0,
            "max_size": 2,
            "metrics_granularity": "1Minute",
            "min_elb_capacity": null,
            "min_size": 2,
            "mixed_instances_policy": [],
            "name": "terraform-20240919113458637300000005",
            "name_prefix": "terraform-",
            "placement_group": "",
            "predicted_capacity": 0,
            "protect_from_scale_in": false,
            "service_linked_role_arn": "arn:aws:iam::289552921026:role/aws-service-role/autoscaling.amazonaws.com/AWSServiceRoleForAutoScaling",
            "suspended_processes": [],
            "tag": [
              {
                "key": "Name",
                "propagate_at_launch": true,
                "value": "axa_wassim_asg_instance"
              }
            ],
            "target_group_arns": [
              "arn:aws:elasticloadbalancing:eu-west-3:289552921026:targetgroup/axa-wassim-tg/7fd3c5cb66068309"
            ],
            "termination_policies": [],
            "timeouts": null,
            "traffic_source": [
              {
                "identifier": "arn:aws:elasticloadbalancing:eu-west-3:289552921026:targetgroup/axa-wassim-tg/7fd3c5cb66068309",
                "type": "elbv2"
              }
            ],
            "vpc_zone_identifier": [
              "subnet-0638f504c25184735",
              "subnet-0ab288f1597de4e42"
            ],
            "wait_for_capacity_timeout": "10m",
            "wait_for_elb_capacity": null,
            "warm_pool": [],
            "warm_pool_size": 0
          },
          "sensitive_attributes": [],
          "private": "eyJlMmJmYjczMC1lY2FhLTExZTYtOGY4OC0zNDM2M2JjN2M0YzAiOnsiZGVsZXRlIjo2MDAwMDAwMDAwMDAsInVwZGF0ZSI6NjAwMDAwMDAwMDAwfSwic2NoZW1hX3ZlcnNpb24iOiIxIn0=",
          "dependencies": [
            "aws_launch_template.axa_wassim_lt",
            "aws_lb_target_group.axa_wassim_tg",
            "aws_security_group.axa_wassim_public_sg",
            "aws_subnet.axa_wassim_public_subnet_1",
            "aws_subnet.axa_wassim_public_subnet_2",
            "aws_vpc.axa_wassim_vpc"
          ]
        }
      ]
    },
    {
      "mode": "managed",
      "type": "aws_instance",
      "name": "axa_wassim_private_ec2",
      "provider": "provider[\"registry.terraform.io/hashicorp/aws\"]",
      "instances": [
        {
          "schema_version": 1,
          "attributes": {
            "ami": "ami-0cdfcb9783eb43c45",
            "arn": "arn:aws:ec2:eu-west-3:289552921026:instance/i-0c7cb109ac08772b4",
            "associate_public_ip_address": false,
            "availability_zone": "eu-west-3a",
            "capacity_reservation_specification": [
              {
                "capacity_reservation_preference": "open",
                "capacity_reservation_target": []
              }
            ],
            "cpu_core_count": 1,
            "cpu_options": [
              {
                "amd_sev_snp": "",
                "core_count": 1,
                "threads_per_core": 1
              }
            ],
            "cpu_threads_per_core": 1,
            "credit_specification": [
              {
                "cpu_credits": "standard"
              }
            ],
            "disable_api_stop": false,
            "disable_api_termination": false,
            "ebs_block_device": [],
            "ebs_optimized": false,
            "enclave_options": [
              {
                "enabled": false
              }
            ],
            "ephemeral_block_device": [],
            "get_password_data": false,
            "hibernation": false,
            "host_id": "",
            "host_resource_group_arn": null,
            "iam_instance_profile": "",
            "id": "i-0c7cb109ac08772b4",
            "instance_initiated_shutdown_behavior": "stop",
            "instance_lifecycle": "",
            "instance_market_options": [],
            "instance_state": "running",
            "instance_type": "t2.micro",
            "ipv6_address_count": 0,
            "ipv6_addresses": [],
            "key_name": "MyKey",
            "launch_template": [],
            "maintenance_options": [
              {
                "auto_recovery": "default"
              }
            ],
            "metadata_options": [
              {
                "http_endpoint": "enabled",
                "http_protocol_ipv6": "disabled",
                "http_put_response_hop_limit": 2,
                "http_tokens": "required",
                "instance_metadata_tags": "disabled"
              }
            ],
            "monitoring": false,
            "network_interface": [],
            "outpost_arn": "",
            "password_data": "",
            "placement_group": "",
            "placement_partition_number": 0,
            "primary_network_interface_id": "eni-07ba611deef325d4e",
            "private_dns": "ip-10-0-2-205.eu-west-3.compute.internal",
            "private_dns_name_options": [
              {
                "enable_resource_name_dns_a_record": false,
                "enable_resource_name_dns_aaaa_record": false,
                "hostname_type": "ip-name"
              }
            ],
            "private_ip": "10.0.2.205",
            "public_dns": "",
            "public_ip": "",
            "root_block_device": [
              {
                "delete_on_termination": true,
                "device_name": "/dev/xvda",
                "encrypted": false,
                "iops": 3000,
                "kms_key_id": "",
                "tags": {},
                "tags_all": {},
                "throughput": 125,
                "volume_id": "vol-01910207c7be8c45d",
                "volume_size": 8,
                "volume_type": "gp3"
              }
            ],
            "secondary_private_ips": [],
            "security_groups": [],
            "source_dest_check": true,
            "spot_instance_request_id": "",
            "subnet_id": "subnet-05bb5ad9cf66de7c6",
            "tags": {
              "Name": "axa_wassim_private_instance"
            },
            "tags_all": {
              "Name": "axa_wassim_private_instance"
            },
            "tenancy": "default",
            "timeouts": null,
            "user_data": "fafe41861da733f06ec3300df7f0fd729e5d2ff3",
            "user_data_base64": null,
            "user_data_replace_on_change": false,
            "volume_tags": null,
            "vpc_security_group_ids": [
              "sg-0d66990c8533bf630"
            ]
          },
          "sensitive_attributes": [],
          "private": "eyJlMmJmYjczMC1lY2FhLTExZTYtOGY4OC0zNDM2M2JjN2M0YzAiOnsiY3JlYXRlIjo2MDAwMDAwMDAwMDAsImRlbGV0ZSI6MTIwMDAwMDAwMDAwMCwicmVhZCI6OTAwMDAwMDAwMDAwLCJ1cGRhdGUiOjYwMDAwMDAwMDAwMH0sInNjaGVtYV92ZXJzaW9uIjoiMSJ9",
          "dependencies": [
            "aws_security_group.axa_wassim_private_sg",
            "aws_security_group.axa_wassim_public_sg",
            "aws_subnet.axa_wassim_private_subnet",
            "aws_vpc.axa_wassim_vpc"
          ]
        }
      ]
    },
    {
      "mode": "managed",
      "type": "aws_internet_gateway",
      "name": "axa_wassim_igw",
      "provider": "provider[\"registry.terraform.io/hashicorp/aws\"]",
      "instances": [
        {
          "schema_version": 0,
          "attributes": {
            "arn": "arn:aws:ec2:eu-west-3:289552921026:internet-gateway/igw-08ab025929b459256",
            "id": "igw-08ab025929b459256",
            "owner_id": "289552921026",
            "tags": {
              "Name": "axa_wassim_igw"
            },
            "tags_all": {
              "Name": "axa_wassim_igw"
            },
            "timeouts": null,
            "vpc_id": "vpc-09d2d84683979fd7c"
          },
          "sensitive_attributes": [],
          "private": "eyJlMmJmYjczMC1lY2FhLTExZTYtOGY4OC0zNDM2M2JjN2M0YzAiOnsiY3JlYXRlIjoxMjAwMDAwMDAwMDAwLCJkZWxldGUiOjEyMDAwMDAwMDAwMDAsInVwZGF0ZSI6MTIwMDAwMDAwMDAwMH19",
          "dependencies": [
            "aws_vpc.axa_wassim_vpc"
          ]
        }
      ]
    },
    {
      "mode": "managed",
      "type": "aws_launch_template",
      "name": "axa_wassim_lt",
      "provider": "provider[\"registry.terraform.io/hashicorp/aws\"]",
      "instances": [
        {
          "schema_version": 0,
          "attributes": {
            "arn": "arn:aws:ec2:eu-west-3:289552921026:launch-template/lt-0d60ca9e90a7a27f9",
            "block_device_mappings": [],
            "capacity_reservation_specification": [],
            "cpu_options": [],
            "credit_specification": [],
            "default_version": 1,
            "description": "",
            "disable_api_stop": false,
            "disable_api_termination": false,
            "ebs_optimized": "",
            "elastic_gpu_specifications": [],
            "elastic_inference_accelerator": [],
            "enclave_options": [],
            "hibernation_options": [],
            "iam_instance_profile": [],
            "id": "lt-0d60ca9e90a7a27f9",
            "image_id": "ami-0cdfcb9783eb43c45",
            "instance_initiated_shutdown_behavior": "",
            "instance_market_options": [],
            "instance_requirements": [],
            "instance_type": "t2.micro",
            "kernel_id": "",
            "key_name": "MyKey",
            "latest_version": 2,
            "license_specification": [],
            "maintenance_options": [],
            "metadata_options": [
              {
                "http_endpoint": "enabled",
                "http_protocol_ipv6": "",
                "http_put_response_hop_limit": 1,
                "http_tokens": "optional",
                "instance_metadata_tags": ""
              }
            ],
            "monitoring": [],
            "name": "axa-wassim-lt20240919113450648500000003",
            "name_prefix": "axa-wassim-lt",
            "network_interfaces": [
              {
                "associate_carrier_ip_address": "",
                "associate_public_ip_address": "true",
                "delete_on_termination": "",
                "description": "",
                "device_index": 0,
                "interface_type": "",
                "ipv4_address_count": 0,
                "ipv4_addresses": [],
                "ipv4_prefix_count": 0,
                "ipv4_prefixes": [],
                "ipv6_address_count": 0,
                "ipv6_addresses": [],
                "ipv6_prefix_count": 0,
                "ipv6_prefixes": [],
                "network_card_index": 0,
                "network_interface_id": "",
                "primary_ipv6": "",
                "private_ip_address": "",
                "security_groups": [
                  "sg-0bd5aea68438c148c"
                ],
                "subnet_id": ""
              }
            ],
            "placement": [],
            "private_dns_name_options": [],
            "ram_disk_id": "",
            "security_group_names": [],
            "tag_specifications": [],
            "tags": {
              "Name": "axa_wassim_instance"
            },
            "tags_all": {
              "Name": "axa_wassim_instance"
            },
            "update_default_version": null,
            "user_data": "IyEvYmluL2Jhc2gKIyB1c2VyZGF0YS5zaAoKIyBVcGRhdGUgdGhlIHBhY2thZ2UgbGlzdCBhbmQgaW5zdGFsbCBBcGFjaGUgd2ViIHNlcnZlcgp5dW0gdXBkYXRlIC15Cnl1bSBpbnN0YWxsIC15IGh0dHBkCgojIFN0YXJ0IHRoZSBIVFRQIHNlcnZpY2UgYW5kIGVuYWJsZSBpdCB0byBzdGFydCBvbiBib290CnN5c3RlbWN0bCBzdGFydCBodHRwZApzeXN0ZW1jdGwgZW5hYmxlIGh0dHBkCgojIEdldCB0aGUgaW5zdGFuY2UncyBtZXRhZGF0YSBmb3IgSVAsIEF2YWlsYWJpbGl0eSBab25lLCBhbmQgSG9zdG5hbWUKSU5TVEFOQ0VfSVA9JChjdXJsIC1zIGh0dHA6Ly8xNjkuMjU0LjE2OS4yNTQvbGF0ZXN0L21ldGEtZGF0YS9sb2NhbC1pcHY0KQpBVkFJTEFCSUxJVFlfWk9ORT0kKGN1cmwgLXMgaHR0cDovLzE2OS4yNTQuMTY5LjI1NC9sYXRlc3QvbWV0YS1kYXRhL3BsYWNlbWVudC9hdmFpbGFiaWxpdHktem9uZSkKSE9TVE5BTUU9JChjdXJsIC1zIGh0dHA6Ly8xNjkuMjU0LjE2OS4yNTQvbGF0ZXN0L21ldGEtZGF0YS9ob3N0bmFtZSkKCiMgQ3JlYXRlIGEgc3R5bGVkIEhUTUwgcGFnZQpjYXQgPDxFT0YgPiAvdmFyL3d3dy9odG1sL2luZGV4Lmh0bWwKPCFET0NUWVBFIGh0bWw+CjxodG1sIGxhbmc9ImVuIj4KPGhlYWQ+CiAgICA8bWV0YSBjaGFyc2V0PSJVVEYtOCI+CiAgICA8bWV0YSBuYW1lPSJ2aWV3cG9ydCIgY29udGVudD0id2lkdGg9ZGV2aWNlLXdpZHRoLCBpbml0aWFsLXNjYWxlPTEuMCI+CiAgICA8dGl0bGU+SW5zdGFuY2UgSW5mbzwvdGl0bGU+CiAgICA8c3R5bGU+CiAgICAgICAgYm9keSB7CiAgICAgICAgICAgIGZvbnQtZmFtaWx5OiBBcmlhbCwgc2Fucy1zZXJpZjsKICAgICAgICAgICAgYmFja2dyb3VuZC1jb2xvcjogI2Y0ZjRmNDsKICAgICAgICAgICAgY29sb3I6ICMzMzM7CiAgICAgICAgICAgIGRpc3BsYXk6IGZsZXg7CiAgICAgICAgICAgIGp1c3RpZnktY29udGVudDogY2VudGVyOwogICAgICAgICAgICBhbGlnbi1pdGVtczogY2VudGVyOwogICAgICAgICAgICBoZWlnaHQ6IDEwMHZoOwogICAgICAgICAgICBtYXJnaW46IDA7CiAgICAgICAgfQogICAgICAgIC5jb250YWluZXIgewogICAgICAgICAgICB0ZXh0LWFsaWduOiBjZW50ZXI7CiAgICAgICAgICAgIGJhY2tncm91bmQtY29sb3I6ICNmZmY7CiAgICAgICAgICAgIHBhZGRpbmc6IDMwcHg7CiAgICAgICAgICAgIGJveC1zaGFkb3c6IDAgMCAxMHB4IHJnYmEoMCwgMCwgMCwgMC4xKTsKICAgICAgICAgICAgYm9yZGVyLXJhZGl1czogOHB4OwogICAgICAgIH0KICAgICAgICBoMSB7CiAgICAgICAgICAgIGNvbG9yOiAjMDA3YmZmOwogICAgICAgIH0KICAgICAgICBwIHsKICAgICAgICAgICAgZm9udC1zaXplOiAxOHB4OwogICAgICAgICAgICBtYXJnaW46IDVweCAwOwogICAgICAgIH0KICAgICAgICAuZm9vdGVyIHsKICAgICAgICAgICAgbWFyZ2luLXRvcDogMjBweDsKICAgICAgICAgICAgZm9udC1zaXplOiAxNHB4OwogICAgICAgICAgICBjb2xvcjogIzg4ODsKICAgICAgICB9CiAgICA8L3N0eWxlPgo8L2hlYWQ+Cjxib2R5PgogICAgPGRpdiBjbGFzcz0iY29udGFpbmVyIj4KICAgICAgICA8aDE+SW5zdGFuY2UgSW5mb3JtYXRpb248L2gxPgogICAgICAgIDxwPjxzdHJvbmc+UHJpdmF0ZSBJUCBBZGRyZXNzOjwvc3Ryb25nPiAkSU5TVEFOQ0VfSVA8L3A+CiAgICAgICAgPHA+PHN0cm9uZz5BdmFpbGFiaWxpdHkgWm9uZTo8L3N0cm9uZz4gJEFWQUlMQUJJTElUWV9aT05FPC9wPgogICAgICAgIDxwPjxzdHJvbmc+SG9zdG5hbWU6PC9zdHJvbmc+ICRIT1NUTkFNRTwvcD4KICAgICAgICA8ZGl2IGNsYXNzPSJmb290ZXIiPlBvd2VyZWQgYnkgVGVycmFmb3JtICYgQVdTPC9kaXY+CiAgICA8L2Rpdj4KPC9ib2R5Pgo8L2h0bWw+CkVPRgoKIyBSZXN0YXJ0IEhUVFAgc2VydmljZSB0byBlbnN1cmUgdGhlIG5ldyBjb250ZW50IGlzIHNlcnZlZApzeXN0ZW1jdGwgcmVzdGFydCBodHRwZA==",
            "vpc_security_group_ids": []
          },
          "sensitive_attributes": [],
          "private": "bnVsbA==",
          "dependencies": [
            "aws_security_group.axa_wassim_public_sg",
            "aws_vpc.axa_wassim_vpc"
          ]
        }
      ]
    },
    {
      "mode": "managed",
      "type": "aws_lb",
      "name": "axa_wassim_lb",
      "provider": "provider[\"registry.terraform.io/hashicorp/aws\"]",
      "instances": [
        {
          "schema_version": 0,
          "attributes": {
            "access_logs": [
              {
                "bucket": "",
                "enabled": false,
                "prefix": ""
              }
            ],
            "arn": "arn:aws:elasticloadbalancing:eu-west-3:289552921026:loadbalancer/app/axa-wassim-lb/23cfc5525e5a689c",
            "arn_suffix": "app/axa-wassim-lb/23cfc5525e5a689c",
            "client_keep_alive": 3600,
            "connection_logs": [
              {
                "bucket": "",
                "enabled": false,
                "prefix": ""
              }
            ],
            "customer_owned_ipv4_pool": "",
            "desync_mitigation_mode": "defensive",
            "dns_name": "axa-wassim-lb-152837390.eu-west-3.elb.amazonaws.com",
            "dns_record_client_routing_policy": null,
            "drop_invalid_header_fields": false,
            "enable_cross_zone_load_balancing": true,
            "enable_deletion_protection": false,
            "enable_http2": true,
            "enable_tls_version_and_cipher_suite_headers": false,
            "enable_waf_fail_open": false,
            "enable_xff_client_port": false,
            "enforce_security_group_inbound_rules_on_private_link_traffic": "",
            "id": "arn:aws:elasticloadbalancing:eu-west-3:289552921026:loadbalancer/app/axa-wassim-lb/23cfc5525e5a689c",
            "idle_timeout": 60,
            "internal": false,
            "ip_address_type": "ipv4",
            "load_balancer_type": "application",
            "name": "axa-wassim-lb",
            "name_prefix": "",
            "preserve_host_header": false,
            "security_groups": [
              "sg-0bd5aea68438c148c"
            ],
            "subnet_mapping": [
              {
                "allocation_id": "",
                "ipv6_address": "",
                "outpost_id": "",
                "private_ipv4_address": "",
                "subnet_id": "subnet-0638f504c25184735"
              },
              {
                "allocation_id": "",
                "ipv6_address": "",
                "outpost_id": "",
                "private_ipv4_address": "",
                "subnet_id": "subnet-0ab288f1597de4e42"
              }
            ],
            "subnets": [
              "subnet-0638f504c25184735",
              "subnet-0ab288f1597de4e42"
            ],
            "tags": {
              "Name": "axa_wassim_lb"
            },
            "tags_all": {
              "Name": "axa_wassim_lb"
            },
            "timeouts": null,
            "vpc_id": "vpc-09d2d84683979fd7c",
            "xff_header_processing_mode": "append",
            "zone_id": "Z3Q77PNBQS71R4"
          },
          "sensitive_attributes": [],
          "private": "eyJlMmJmYjczMC1lY2FhLTExZTYtOGY4OC0zNDM2M2JjN2M0YzAiOnsiY3JlYXRlIjo2MDAwMDAwMDAwMDAsImRlbGV0ZSI6NjAwMDAwMDAwMDAwLCJ1cGRhdGUiOjYwMDAwMDAwMDAwMH19",
          "dependencies": [
            "aws_security_group.axa_wassim_public_sg",
            "aws_subnet.axa_wassim_public_subnet_1",
            "aws_subnet.axa_wassim_public_subnet_2",
            "aws_vpc.axa_wassim_vpc"
          ]
        }
      ]
    },
    {
      "mode": "managed",
      "type": "aws_lb_listener",
      "name": "axa_wassim_lb_listener",
      "provider": "provider[\"registry.terraform.io/hashicorp/aws\"]",
      "instances": [
        {
          "schema_version": 0,
          "attributes": {
            "alpn_policy": null,
            "arn": "arn:aws:elasticloadbalancing:eu-west-3:289552921026:listener/app/axa-wassim-lb/23cfc5525e5a689c/0c01fdb13c81184d",
            "certificate_arn": null,
            "default_action": [
              {
                "authenticate_cognito": [],
                "authenticate_oidc": [],
                "fixed_response": [],
                "forward": [],
                "order": 1,
                "redirect": [],
                "target_group_arn": "arn:aws:elasticloadbalancing:eu-west-3:289552921026:targetgroup/axa-wassim-tg/7fd3c5cb66068309",
                "type": "forward"
              }
            ],
            "id": "arn:aws:elasticloadbalancing:eu-west-3:289552921026:listener/app/axa-wassim-lb/23cfc5525e5a689c/0c01fdb13c81184d",
            "load_balancer_arn": "arn:aws:elasticloadbalancing:eu-west-3:289552921026:loadbalancer/app/axa-wassim-lb/23cfc5525e5a689c",
            "mutual_authentication": [],
            "port": 80,
            "protocol": "HTTP",
            "ssl_policy": "",
            "tags": {},
            "tags_all": {},
            "timeouts": null
          },
          "sensitive_attributes": [],
          "private": "eyJlMmJmYjczMC1lY2FhLTExZTYtOGY4OC0zNDM2M2JjN2M0YzAiOnsiY3JlYXRlIjozMDAwMDAwMDAwMDAsInVwZGF0ZSI6MzAwMDAwMDAwMDAwfX0=",
          "dependencies": [
            "aws_lb.axa_wassim_lb",
            "aws_lb_target_group.axa_wassim_tg",
            "aws_security_group.axa_wassim_public_sg",
            "aws_subnet.axa_wassim_public_subnet_1",
            "aws_subnet.axa_wassim_public_subnet_2",
            "aws_vpc.axa_wassim_vpc"
          ]
        }
      ]
    },
    {
      "mode": "managed",
      "type": "aws_lb_target_group",
      "name": "axa_wassim_tg",
      "provider": "provider[\"registry.terraform.io/hashicorp/aws\"]",
      "instances": [
        {
          "schema_version": 0,
          "attributes": {
            "arn": "arn:aws:elasticloadbalancing:eu-west-3:289552921026:targetgroup/axa-wassim-tg/7fd3c5cb66068309",
            "arn_suffix": "targetgroup/axa-wassim-tg/7fd3c5cb66068309",
            "connection_termination": null,
            "deregistration_delay": "300",
            "health_check": [
              {
                "enabled": true,
                "healthy_threshold": 3,
                "interval": 30,
                "matcher": "200",
                "path": "/",
                "port": "traffic-port",
                "protocol": "HTTP",
                "timeout": 5,
                "unhealthy_threshold": 3
              }
            ],
            "id": "arn:aws:elasticloadbalancing:eu-west-3:289552921026:targetgroup/axa-wassim-tg/7fd3c5cb66068309",
            "ip_address_type": "ipv4",
            "lambda_multi_value_headers_enabled": false,
            "load_balancer_arns": [
              "arn:aws:elasticloadbalancing:eu-west-3:289552921026:loadbalancer/app/axa-wassim-lb/23cfc5525e5a689c"
            ],
            "load_balancing_algorithm_type": "round_robin",
            "load_balancing_anomaly_mitigation": "off",
            "load_balancing_cross_zone_enabled": "use_load_balancer_configuration",
            "name": "axa-wassim-tg",
            "name_prefix": "",
            "port": 80,
            "preserve_client_ip": null,
            "protocol": "HTTP",
            "protocol_version": "HTTP1",
            "proxy_protocol_v2": false,
            "slow_start": 0,
            "stickiness": [
              {
                "cookie_duration": 86400,
                "cookie_name": "",
                "enabled": false,
                "type": "lb_cookie"
              }
            ],
            "tags": {},
            "tags_all": {},
            "target_failover": [
              {
                "on_deregistration": null,
                "on_unhealthy": null
              }
            ],
            "target_group_health": [
              {
                "dns_failover": [
                  {
                    "minimum_healthy_targets_count": "1",
                    "minimum_healthy_targets_percentage": "off"
                  }
                ],
                "unhealthy_state_routing": [
                  {
                    "minimum_healthy_targets_count": 1,
                    "minimum_healthy_targets_percentage": "off"
                  }
                ]
              }
            ],
            "target_health_state": [
              {
                "enable_unhealthy_connection_termination": null,
                "unhealthy_draining_interval": null
              }
            ],
            "target_type": "instance",
            "vpc_id": "vpc-09d2d84683979fd7c"
          },
          "sensitive_attributes": [],
          "private": "bnVsbA==",
          "dependencies": [
            "aws_vpc.axa_wassim_vpc"
          ]
        }
      ]
    },
    {
      "mode": "managed",
      "type": "aws_route_table",
      "name": "axa_wassim_public_rt",
      "provider": "provider[\"registry.terraform.io/hashicorp/aws\"]",
      "instances": [
        {
          "schema_version": 0,
          "attributes": {
            "arn": "arn:aws:ec2:eu-west-3:289552921026:route-table/rtb-0862d1978f697ff29",
            "id": "rtb-0862d1978f697ff29",
            "owner_id": "289552921026",
            "propagating_vgws": [],
            "route": [
              {
                "carrier_gateway_id": "",
                "cidr_block": "0.0.0.0/0",
                "core_network_arn": "",
                "destination_prefix_list_id": "",
                "egress_only_gateway_id": "",
                "gateway_id": "igw-08ab025929b459256",
                "ipv6_cidr_block": "",
                "local_gateway_id": "",
                "nat_gateway_id": "",
                "network_interface_id": "",
                "transit_gateway_id": "",
                "vpc_endpoint_id": "",
                "vpc_peering_connection_id": ""
              }
            ],
            "tags": {
              "Name": "axa_wassim_public_rt"
            },
            "tags_all": {
              "Name": "axa_wassim_public_rt"
            },
            "timeouts": null,
            "vpc_id": "vpc-09d2d84683979fd7c"
          },
          "sensitive_attributes": [],
          "private": "eyJlMmJmYjczMC1lY2FhLTExZTYtOGY4OC0zNDM2M2JjN2M0YzAiOnsiY3JlYXRlIjozMDAwMDAwMDAwMDAsImRlbGV0ZSI6MzAwMDAwMDAwMDAwLCJ1cGRhdGUiOjEyMDAwMDAwMDAwMH19",
          "dependencies": [
            "aws_internet_gateway.axa_wassim_igw",
            "aws_vpc.axa_wassim_vpc"
          ]
        }
      ]
    },
    {
      "mode": "managed",
      "type": "aws_route_table_association",
      "name": "axa_wassim_public_rta_1",
      "provider": "provider[\"registry.terraform.io/hashicorp/aws\"]",
      "instances": [
        {
          "schema_version": 0,
          "attributes": {
            "gateway_id": "",
            "id": "rtbassoc-0cfbf508963181042",
            "route_table_id": "rtb-0862d1978f697ff29",
            "subnet_id": "subnet-0638f504c25184735",
            "timeouts": null
          },
          "sensitive_attributes": [],
          "private": "eyJlMmJmYjczMC1lY2FhLTExZTYtOGY4OC0zNDM2M2JjN2M0YzAiOnsiY3JlYXRlIjozMDAwMDAwMDAwMDAsImRlbGV0ZSI6MzAwMDAwMDAwMDAwLCJ1cGRhdGUiOjEyMDAwMDAwMDAwMH19",
          "dependencies": [
            "aws_internet_gateway.axa_wassim_igw",
            "aws_route_table.axa_wassim_public_rt",
            "aws_subnet.axa_wassim_public_subnet_1",
            "aws_vpc.axa_wassim_vpc"
          ]
        }
      ]
    },
    {
      "mode": "managed",
      "type": "aws_route_table_association",
      "name": "axa_wassim_public_rta_2",
      "provider": "provider[\"registry.terraform.io/hashicorp/aws\"]",
      "instances": [
        {
          "schema_version": 0,
          "attributes": {
            "gateway_id": "",
            "id": "rtbassoc-0fd5407dc07d86f96",
            "route_table_id": "rtb-0862d1978f697ff29",
            "subnet_id": "subnet-0ab288f1597de4e42",
            "timeouts": null
          },
          "sensitive_attributes": [],
          "private": "eyJlMmJmYjczMC1lY2FhLTExZTYtOGY4OC0zNDM2M2JjN2M0YzAiOnsiY3JlYXRlIjozMDAwMDAwMDAwMDAsImRlbGV0ZSI6MzAwMDAwMDAwMDAwLCJ1cGRhdGUiOjEyMDAwMDAwMDAwMH19",
          "dependencies": [
            "aws_internet_gateway.axa_wassim_igw",
            "aws_route_table.axa_wassim_public_rt",
            "aws_subnet.axa_wassim_public_subnet_2",
            "aws_vpc.axa_wassim_vpc"
          ]
        }
      ]
    },
    {
      "mode": "managed",
      "type": "aws_security_group",
      "name": "axa_wassim_private_sg",
      "provider": "provider[\"registry.terraform.io/hashicorp/aws\"]",
      "instances": [
        {
          "schema_version": 1,
          "attributes": {
            "arn": "arn:aws:ec2:eu-west-3:289552921026:security-group/sg-0d66990c8533bf630",
            "description": "Managed by Terraform",
            "egress": [
              {
                "cidr_blocks": [
                  "0.0.0.0/0"
                ],
                "description": "",
                "from_port": 0,
                "ipv6_cidr_blocks": [],
                "prefix_list_ids": [],
                "protocol": "tcp",
                "security_groups": [],
                "self": false,
                "to_port": 65535
              }
            ],
            "id": "sg-0d66990c8533bf630",
            "ingress": [
              {
                "cidr_blocks": [],
                "description": "",
                "from_port": 0,
                "ipv6_cidr_blocks": [],
                "prefix_list_ids": [],
                "protocol": "tcp",
                "security_groups": [
                  "sg-0bd5aea68438c148c"
                ],
                "self": false,
                "to_port": 65535
              }
            ],
            "name": "terraform-20240919124909867800000001",
            "name_prefix": "terraform-",
            "owner_id": "289552921026",
            "revoke_rules_on_delete": false,
            "tags": {
              "Name": "axa_wassim_private_sg"
            },
            "tags_all": {
              "Name": "axa_wassim_private_sg"
            },
            "timeouts": null,
            "vpc_id": "vpc-09d2d84683979fd7c"
          },
          "sensitive_attributes": [],
          "private": "eyJlMmJmYjczMC1lY2FhLTExZTYtOGY4OC0zNDM2M2JjN2M0YzAiOnsiY3JlYXRlIjo2MDAwMDAwMDAwMDAsImRlbGV0ZSI6OTAwMDAwMDAwMDAwfSwic2NoZW1hX3ZlcnNpb24iOiIxIn0=",
          "dependencies": [
            "aws_security_group.axa_wassim_public_sg",
            "aws_vpc.axa_wassim_vpc"
          ]
        }
      ]
    },
    {
      "mode": "managed",
      "type": "aws_security_group",
      "name": "axa_wassim_public_sg",
      "provider": "provider[\"registry.terraform.io/hashicorp/aws\"]",
      "instances": [
        {
          "schema_version": 1,
          "attributes": {
            "arn": "arn:aws:ec2:eu-west-3:289552921026:security-group/sg-0bd5aea68438c148c",
            "description": "Managed by Terraform",
            "egress": [
              {
                "cidr_blocks": [
                  "0.0.0.0/0"
                ],
                "description": "",
                "from_port": 0,
                "ipv6_cidr_blocks": [],
                "prefix_list_ids": [],
                "protocol": "tcp",
                "security_groups": [],
                "self": false,
                "to_port": 65535
              }
            ],
            "id": "sg-0bd5aea68438c148c",
            "ingress": [
              {
                "cidr_blocks": [
                  "0.0.0.0/0"
                ],
                "description": "",
                "from_port": 0,
                "ipv6_cidr_blocks": [],
                "prefix_list_ids": [],
                "protocol": "tcp",
                "security_groups": [],
                "self": false,
                "to_port": 65535
              }
            ],
            "name": "terraform-20240919113446710900000001",
            "name_prefix": "terraform-",
            "owner_id": "289552921026",
            "revoke_rules_on_delete": false,
            "tags": {
              "Name": "axa_wassim_public_sg"
            },
            "tags_all": {
              "Name": "axa_wassim_public_sg"
            },
            "timeouts": null,
            "vpc_id": "vpc-09d2d84683979fd7c"
          },
          "sensitive_attributes": [],
          "private": "eyJlMmJmYjczMC1lY2FhLTExZTYtOGY4OC0zNDM2M2JjN2M0YzAiOnsiY3JlYXRlIjo2MDAwMDAwMDAwMDAsImRlbGV0ZSI6OTAwMDAwMDAwMDAwfSwic2NoZW1hX3ZlcnNpb24iOiIxIn0=",
          "dependencies": [
            "aws_vpc.axa_wassim_vpc"
          ]
        }
      ]
    },
    {
      "mode": "managed",
      "type": "aws_subnet",
      "name": "axa_wassim_private_subnet",
      "provider": "provider[\"registry.terraform.io/hashicorp/aws\"]",
      "instances": [
        {
          "schema_version": 1,
          "attributes": {
            "arn": "arn:aws:ec2:eu-west-3:289552921026:subnet/subnet-05bb5ad9cf66de7c6",
            "assign_ipv6_address_on_creation": false,
            "availability_zone": "eu-west-3a",
            "availability_zone_id": "euw3-az1",
            "cidr_block": "10.0.2.0/24",
            "customer_owned_ipv4_pool": "",
            "enable_dns64": false,
            "enable_lni_at_device_index": 0,
            "enable_resource_name_dns_a_record_on_launch": false,
            "enable_resource_name_dns_aaaa_record_on_launch": false,
            "id": "subnet-05bb5ad9cf66de7c6",
            "ipv6_cidr_block": "",
            "ipv6_cidr_block_association_id": "",
            "ipv6_native": false,
            "map_customer_owned_ip_on_launch": false,
            "map_public_ip_on_launch": false,
            "outpost_arn": "",
            "owner_id": "289552921026",
            "private_dns_hostname_type_on_launch": "ip-name",
            "tags": {
              "Name": "axa_wassim_private_subnet"
            },
            "tags_all": {
              "Name": "axa_wassim_private_subnet"
            },
            "timeouts": null,
            "vpc_id": "vpc-09d2d84683979fd7c"
          },
          "sensitive_attributes": [],
          "private": "eyJlMmJmYjczMC1lY2FhLTExZTYtOGY4OC0zNDM2M2JjN2M0YzAiOnsiY3JlYXRlIjo2MDAwMDAwMDAwMDAsImRlbGV0ZSI6MTIwMDAwMDAwMDAwMH0sInNjaGVtYV92ZXJzaW9uIjoiMSJ9",
          "dependencies": [
            "aws_vpc.axa_wassim_vpc"
          ]
        }
      ]
    },
    {
      "mode": "managed",
      "type": "aws_subnet",
      "name": "axa_wassim_public_subnet_1",
      "provider": "provider[\"registry.terraform.io/hashicorp/aws\"]",
      "instances": [
        {
          "schema_version": 1,
          "attributes": {
            "arn": "arn:aws:ec2:eu-west-3:289552921026:subnet/subnet-0638f504c25184735",
            "assign_ipv6_address_on_creation": false,
            "availability_zone": "eu-west-3a",
            "availability_zone_id": "euw3-az1",
            "cidr_block": "10.0.1.0/24",
            "customer_owned_ipv4_pool": "",
            "enable_dns64": false,
            "enable_lni_at_device_index": 0,
            "enable_resource_name_dns_a_record_on_launch": false,
            "enable_resource_name_dns_aaaa_record_on_launch": false,
            "id": "subnet-0638f504c25184735",
            "ipv6_cidr_block": "",
            "ipv6_cidr_block_association_id": "",
            "ipv6_native": false,
            "map_customer_owned_ip_on_launch": false,
            "map_public_ip_on_launch": true,
            "outpost_arn": "",
            "owner_id": "289552921026",
            "private_dns_hostname_type_on_launch": "ip-name",
            "tags": {
              "Name": "axa_wassim_public_subnet_1"
            },
            "tags_all": {
              "Name": "axa_wassim_public_subnet_1"
            },
            "timeouts": null,
            "vpc_id": "vpc-09d2d84683979fd7c"
          },
          "sensitive_attributes": [],
          "private": "eyJlMmJmYjczMC1lY2FhLTExZTYtOGY4OC0zNDM2M2JjN2M0YzAiOnsiY3JlYXRlIjo2MDAwMDAwMDAwMDAsImRlbGV0ZSI6MTIwMDAwMDAwMDAwMH0sInNjaGVtYV92ZXJzaW9uIjoiMSJ9",
          "dependencies": [
            "aws_vpc.axa_wassim_vpc"
          ]
        }
      ]
    },
    {
      "mode": "managed",
      "type": "aws_subnet",
      "name": "axa_wassim_public_subnet_2",
      "provider": "provider[\"registry.terraform.io/hashicorp/aws\"]",
      "instances": [
        {
          "schema_version": 1,
          "attributes": {
            "arn": "arn:aws:ec2:eu-west-3:289552921026:subnet/subnet-0ab288f1597de4e42",
            "assign_ipv6_address_on_creation": false,
            "availability_zone": "eu-west-3b",
            "availability_zone_id": "euw3-az2",
            "cidr_block": "10.0.3.0/24",
            "customer_owned_ipv4_pool": "",
            "enable_dns64": false,
            "enable_lni_at_device_index": 0,
            "enable_resource_name_dns_a_record_on_launch": false,
            "enable_resource_name_dns_aaaa_record_on_launch": false,
            "id": "subnet-0ab288f1597de4e42",
            "ipv6_cidr_block": "",
            "ipv6_cidr_block_association_id": "",
            "ipv6_native": false,
            "map_customer_owned_ip_on_launch": false,
            "map_public_ip_on_launch": true,
            "outpost_arn": "",
            "owner_id": "289552921026",
            "private_dns_hostname_type_on_launch": "ip-name",
            "tags": {
              "Name": "axa_wassim_public_subnet_2"
            },
            "tags_all": {
              "Name": "axa_wassim_public_subnet_2"
            },
            "timeouts": null,
            "vpc_id": "vpc-09d2d84683979fd7c"
          },
          "sensitive_attributes": [],
          "private": "eyJlMmJmYjczMC1lY2FhLTExZTYtOGY4OC0zNDM2M2JjN2M0YzAiOnsiY3JlYXRlIjo2MDAwMDAwMDAwMDAsImRlbGV0ZSI6MTIwMDAwMDAwMDAwMH0sInNjaGVtYV92ZXJzaW9uIjoiMSJ9",
          "dependencies": [
            "aws_vpc.axa_wassim_vpc"
          ]
        }
      ]
    },
    {
      "mode": "managed",
      "type": "aws_vpc",
      "name": "axa_wassim_vpc",
      "provider": "provider[\"registry.terraform.io/hashicorp/aws\"]",
      "instances": [
        {
          "schema_version": 1,
          "attributes": {
            "arn": "arn:aws:ec2:eu-west-3:289552921026:vpc/vpc-09d2d84683979fd7c",
            "assign_generated_ipv6_cidr_block": false,
            "cidr_block": "10.0.0.0/16",
            "default_network_acl_id": "acl-02c48ae61e7cb94f6",
            "default_route_table_id": "rtb-0ac838bafb211449a",
            "default_security_group_id": "sg-0753b2dcb9d31d7a7",
            "dhcp_options_id": "dopt-72fa3d1a",
            "enable_dns_hostnames": true,
            "enable_dns_support": true,
            "enable_network_address_usage_metrics": false,
            "id": "vpc-09d2d84683979fd7c",
            "instance_tenancy": "default",
            "ipv4_ipam_pool_id": null,
            "ipv4_netmask_length": null,
            "ipv6_association_id": "",
            "ipv6_cidr_block": "",
            "ipv6_cidr_block_network_border_group": "",
            "ipv6_ipam_pool_id": "",
            "ipv6_netmask_length": 0,
            "main_route_table_id": "rtb-0ac838bafb211449a",
            "owner_id": "289552921026",
            "tags": {
              "Name": "axa_wassim_vpc"
            },
            "tags_all": {
              "Name": "axa_wassim_vpc"
            }
          },
          "sensitive_attributes": [],
          "private": "eyJzY2hlbWFfdmVyc2lvbiI6IjEifQ=="
        }
      ]
    }
  ],
  "check_results": null
}
